{
  "name": "SimulationWebGame",
  "lockfileVersion": 3,
  "requires": true,
  "packages": {
    "": {
      "dependencies": {
        "littlejsengine": "^1.9.11",
        "three": "^0.170.0",
        "zzfx": "^1.3.0"
      }
    },
    "node_modules/littlejsengine": {
      "version": "1.9.11",
      "resolved": "https://registry.npmjs.org/littlejsengine/-/littlejsengine-1.9.11.tgz",
      "integrity": "sha512-+WS55RPbEUp6EJ6g+OLqeg+mAWQXMNyIWPxvtYkCajw1hNYlc8m6uDNrOrN1Ovj06Fpl3LGHqoAt0loOcBb1Pg==",
      "license": "MIT"
    },
    "node_modules/three": {
      "version": "0.170.0",
      "resolved": "https://registry.npmjs.org/three/-/three-0.170.0.tgz",
      "integrity": "sha512-FQK+LEpYc0fBD+J8g6oSEyyNzjp+Q7Ks1C568WWaoMRLW+TkNNWmenWeGgJjV105Gd+p/2ql1ZcjYvNiPZBhuQ==",
      "license": "MIT"
    },
    "node_modules/zzfx": {
      "version": "1.3.0",
      "resolved": "https://registry.npmjs.org/zzfx/-/zzfx-1.3.0.tgz",
      "integrity": "sha512-59fM+Oo/0NBmjK0G7Ryo1Zt/2MiIKAhtCiFDbuyopihJgZxFB+Ow9Gdgu77KAdiNSS1E7mMqduXV1hnNkBb/eg==",
      "license": "MIT"
    }
  }
}
